
Microsoft Visual Studio Solution File, Format Version 12.00
# Visual Studio 14
VisualStudioVersion = 14.0.25420.1
MinimumVisualStudioVersion = 10.0.40219.1
Project("{FAE04EC0-301F-11D3-BF4B-00C04F79EFBC}") = "NewsApp.Droid", "NewsApp\NewsApp.Droid\NewsApp.Droid.csproj", "{AB4FC7FC-9371-4D5F-8C78-E60F52CDD881}"
EndProject
Project("{FAE04EC0-301F-11D3-BF4B-00C04F79EFBC}") = "NewsApp.iOS", "NewsApp\NewsApp.iOS\NewsApp.iOS.csproj", "{5A409EE0-F1C5-4DFF-A5FF-EF09AC9770F7}"
EndProject
Project("{FAE04EC0-301F-11D3-BF4B-00C04F79EFBC}") = "NewsApp.UWP", "NewsApp\NewsApp.UWP\NewsApp.UWP.csproj", "{32C148C8-DA99-4978-8206-238FDDFEB45B}"
EndProject
Project("{FAE04EC0-301F-11D3-BF4B-00C04F79EFBC}") = "NewsApp", "NewsApp\NewsApp\NewsApp.csproj", "{D98FF79B-3E9E-45F5-A9CF-5561165D8A1E}"
EndProject
Project("{FAE04EC0-301F-11D3-BF4B-00C04F79EFBC}") = "NewsApp.Model", "NewsApp.Model\NewsApp.Model.csproj", "{67F9D3A8-F71E-4428-913F-C37AE82CDB24}"
EndProject
Project("{FAE04EC0-301F-11D3-BF4B-00C04F79EFBC}") = "NewsApp.Data", "NewsApp.Data\NewsApp.Data.csproj", "{1C2ED5A4-1BCB-44D9-879B-8E5E90C75452}"
EndProject
Global
	GlobalSection(SolutionConfigurationPlatforms) = preSolution
		Ad-Hoc|Any CPU = Ad-Hoc|Any CPU
		Ad-Hoc|ARM = Ad-Hoc|ARM
		Ad-Hoc|iPhone = Ad-Hoc|iPhone
		Ad-Hoc|iPhoneSimulator = Ad-Hoc|iPhoneSimulator
		Ad-Hoc|x64 = Ad-Hoc|x64
		Ad-Hoc|x86 = Ad-Hoc|x86
		AppStore|Any CPU = AppStore|Any CPU
		AppStore|ARM = AppStore|ARM
		AppStore|iPhone = AppStore|iPhone
		AppStore|iPhoneSimulator = AppStore|iPhoneSimulator
		AppStore|x64 = AppStore|x64
		AppStore|x86 = AppStore|x86
		Debug|Any CPU = Debug|Any CPU
		Debug|ARM = Debug|ARM
		Debug|iPhone = Debug|iPhone
		Debug|iPhoneSimulator = Debug|iPhoneSimulator
		Debug|x64 = Debug|x64
		Debug|x86 = Debug|x86
		Release|Any CPU = Release|Any CPU
		Release|ARM = Release|ARM
		Release|iPhone = Release|iPhone
		Release|iPhoneSimulator = Release|iPhoneSimulator
		Release|x64 = Release|x64
		Release|x86 = Release|x86
	EndGlobalSection
	GlobalSection(ProjectConfigurationPlatforms) = postSolution
		{AB4FC7FC-9371-4D5F-8C78-E60F52CDD881}.Ad-Hoc|Any CPU.ActiveCfg = Release|Any CPU
		{AB4FC7FC-9371-4D5F-8C78-E60F52CDD881}.Ad-Hoc|Any CPU.Build.0 = Release|Any CPU
		{AB4FC7FC-9371-4D5F-8C78-E60F52CDD881}.Ad-Hoc|Any CPU.Deploy.0 = Release|Any CPU
		{AB4FC7FC-9371-4D5F-8C78-E60F52CDD881}.Ad-Hoc|ARM.ActiveCfg = Release|Any CPU
		{AB4FC7FC-9371-4D5F-8C78-E60F52CDD881}.Ad-Hoc|ARM.Build.0 = Release|Any CPU
		{AB4FC7FC-9371-4D5F-8C78-E60F52CDD881}.Ad-Hoc|ARM.Deploy.0 = Release|Any CPU
		{AB4FC7FC-9371-4D5F-8C78-E60F52CDD881}.Ad-Hoc|iPhone.ActiveCfg = Release|Any CPU
		{AB4FC7FC-9371-4D5F-8C78-E60F52CDD881}.Ad-Hoc|iPhone.Build.0 = Release|Any CPU
		{AB4FC7FC-9371-4D5F-8C78-E60F52CDD881}.Ad-Hoc|iPhone.Deploy.0 = Release|Any CPU
		{AB4FC7FC-9371-4D5F-8C78-E60F52CDD881}.Ad-Hoc|iPhoneSimulator.ActiveCfg = Release|Any CPU
		{AB4FC7FC-9371-4D5F-8C78-E60F52CDD881}.Ad-Hoc|iPhoneSimulator.Build.0 = Release|Any CPU
		{AB4FC7FC-9371-4D5F-8C78-E60F52CDD881}.Ad-Hoc|iPhoneSimulator.Deploy.0 = Release|Any CPU
		{AB4FC7FC-9371-4D5F-8C78-E60F52CDD881}.Ad-Hoc|x64.ActiveCfg = Release|Any CPU
		{AB4FC7FC-9371-4D5F-8C78-E60F52CDD881}.Ad-Hoc|x64.Build.0 = Release|Any CPU
		{AB4FC7FC-9371-4D5F-8C78-E60F52CDD881}.Ad-Hoc|x64.Deploy.0 = Release|Any CPU
		{AB4FC7FC-9371-4D5F-8C78-E60F52CDD881}.Ad-Hoc|x86.ActiveCfg = Release|Any CPU
		{AB4FC7FC-9371-4D5F-8C78-E60F52CDD881}.Ad-Hoc|x86.Build.0 = Release|Any CPU
		{AB4FC7FC-9371-4D5F-8C78-E60F52CDD881}.Ad-Hoc|x86.Deploy.0 = Release|Any CPU
		{AB4FC7FC-9371-4D5F-8C78-E60F52CDD881}.AppStore|Any CPU.ActiveCfg = Release|Any CPU
		{AB4FC7FC-9371-4D5F-8C78-E60F52CDD881}.AppStore|Any CPU.Build.0 = Release|Any CPU
		{AB4FC7FC-9371-4D5F-8C78-E60F52CDD881}.AppStore|Any CPU.Deploy.0 = Release|Any CPU
		{AB4FC7FC-9371-4D5F-8C78-E60F52CDD881}.AppStore|ARM.ActiveCfg = Release|Any CPU
		{AB4FC7FC-9371-4D5F-8C78-E60F52CDD881}.AppStore|ARM.Build.0 = Release|Any CPU
		{AB4FC7FC-9371-4D5F-8C78-E60F52CDD881}.AppStore|ARM.Deploy.0 = Release|Any CPU
		{AB4FC7FC-9371-4D5F-8C78-E60F52CDD881}.AppStore|iPhone.ActiveCfg = Release|Any CPU
		{AB4FC7FC-9371-4D5F-8C78-E60F52CDD881}.AppStore|iPhone.Build.0 = Release|Any CPU
		{AB4FC7FC-9371-4D5F-8C78-E60F52CDD881}.AppStore|iPhone.Deploy.0 = Release|Any CPU
		{AB4FC7FC-9371-4D5F-8C78-E60F52CDD881}.AppStore|iPhoneSimulator.ActiveCfg = Release|Any CPU
		{AB4FC7FC-9371-4D5F-8C78-E60F52CDD881}.AppStore|iPhoneSimulator.Build.0 = Release|Any CPU
		{AB4FC7FC-9371-4D5F-8C78-E60F52CDD881}.AppStore|iPhoneSimulator.Deploy.0 = Release|Any CPU
		{AB4FC7FC-9371-4D5F-8C78-E60F52CDD881}.AppStore|x64.ActiveCfg = Release|Any CPU
		{AB4FC7FC-9371-4D5F-8C78-E60F52CDD881}.AppStore|x64.Build.0 = Release|Any CPU
		{AB4FC7FC-9371-4D5F-8C78-E60F52CDD881}.AppStore|x64.Deploy.0 = Release|Any CPU
		{AB4FC7FC-9371-4D5F-8C78-E60F52CDD881}.AppStore|x86.ActiveCfg = Release|Any CPU
		{AB4FC7FC-9371-4D5F-8C78-E60F52CDD881}.AppStore|x86.Build.0 = Release|Any CPU
		{AB4FC7FC-9371-4D5F-8C78-E60F52CDD881}.AppStore|x86.Deploy.0 = Release|Any CPU
		{AB4FC7FC-9371-4D5F-8C78-E60F52CDD881}.Debug|Any CPU.ActiveCfg = Debug|Any CPU
		{AB4FC7FC-9371-4D5F-8C78-E60F52CDD881}.Debug|Any CPU.Build.0 = Debug|Any CPU
		{AB4FC7FC-9371-4D5F-8C78-E60F52CDD881}.Debug|Any CPU.Deploy.0 = Debug|Any CPU
		{AB4FC7FC-9371-4D5F-8C78-E60F52CDD881}.Debug|ARM.ActiveCfg = Debug|Any CPU
		{AB4FC7FC-9371-4D5F-8C78-E60F52CDD881}.Debug|ARM.Build.0 = Debug|Any CPU
		{AB4FC7FC-9371-4D5F-8C78-E60F52CDD881}.Debug|ARM.Deploy.0 = Debug|Any CPU
		{AB4FC7FC-9371-4D5F-8C78-E60F52CDD881}.Debug|iPhone.ActiveCfg = Debug|Any CPU
		{AB4FC7FC-9371-4D5F-8C78-E60F52CDD881}.Debug|iPhone.Build.0 = Debug|Any CPU
		{AB4FC7FC-9371-4D5F-8C78-E60F52CDD881}.Debug|iPhone.Deploy.0 = Debug|Any CPU
		{AB4FC7FC-9371-4D5F-8C78-E60F52CDD881}.Debug|iPhoneSimulator.ActiveCfg = Debug|Any CPU
		{AB4FC7FC-9371-4D5F-8C78-E60F52CDD881}.Debug|iPhoneSimulator.Build.0 = Debug|Any CPU
		{AB4FC7FC-9371-4D5F-8C78-E60F52CDD881}.Debug|iPhoneSimulator.Deploy.0 = Debug|Any CPU
		{AB4FC7FC-9371-4D5F-8C78-E60F52CDD881}.Debug|x64.ActiveCfg = Debug|Any CPU
		{AB4FC7FC-9371-4D5F-8C78-E60F52CDD881}.Debug|x64.Build.0 = Debug|Any CPU
		{AB4FC7FC-9371-4D5F-8C78-E60F52CDD881}.Debug|x64.Deploy.0 = Debug|Any CPU
		{AB4FC7FC-9371-4D5F-8C78-E60F52CDD881}.Debug|x86.ActiveCfg = Debug|Any CPU
		{AB4FC7FC-9371-4D5F-8C78-E60F52CDD881}.Debug|x86.Build.0 = Debug|Any CPU
		{AB4FC7FC-9371-4D5F-8C78-E60F52CDD881}.Debug|x86.Deploy.0 = Debug|Any CPU
		{AB4FC7FC-9371-4D5F-8C78-E60F52CDD881}.Release|Any CPU.ActiveCfg = Release|Any CPU
		{AB4FC7FC-9371-4D5F-8C78-E60F52CDD881}.Release|Any CPU.Build.0 = Release|Any CPU
		{AB4FC7FC-9371-4D5F-8C78-E60F52CDD881}.Release|Any CPU.Deploy.0 = Release|Any CPU
		{AB4FC7FC-9371-4D5F-8C78-E60F52CDD881}.Release|ARM.ActiveCfg = Release|Any CPU
		{AB4FC7FC-9371-4D5F-8C78-E60F52CDD881}.Release|ARM.Build.0 = Release|Any CPU
		{AB4FC7FC-9371-4D5F-8C78-E60F52CDD881}.Release|ARM.Deploy.0 = Release|Any CPU
		{AB4FC7FC-9371-4D5F-8C78-E60F52CDD881}.Release|iPhone.ActiveCfg = Release|Any CPU
		{AB4FC7FC-9371-4D5F-8C78-E60F52CDD881}.Release|iPhone.Build.0 = Release|Any CPU
		{AB4FC7FC-9371-4D5F-8C78-E60F52CDD881}.Release|iPhone.Deploy.0 = Release|Any CPU
		{AB4FC7FC-9371-4D5F-8C78-E60F52CDD881}.Release|iPhoneSimulator.ActiveCfg = Release|Any CPU
		{AB4FC7FC-9371-4D5F-8C78-E60F52CDD881}.Release|iPhoneSimulator.Build.0 = Release|Any CPU
		{AB4FC7FC-9371-4D5F-8C78-E60F52CDD881}.Release|iPhoneSimulator.Deploy.0 = Release|Any CPU
		{AB4FC7FC-9371-4D5F-8C78-E60F52CDD881}.Release|x64.ActiveCfg = Release|Any CPU
		{AB4FC7FC-9371-4D5F-8C78-E60F52CDD881}.Release|x64.Build.0 = Release|Any CPU
		{AB4FC7FC-9371-4D5F-8C78-E60F52CDD881}.Release|x64.Deploy.0 = Release|Any CPU
		{AB4FC7FC-9371-4D5F-8C78-E60F52CDD881}.Release|x86.ActiveCfg = Release|Any CPU
		{AB4FC7FC-9371-4D5F-8C78-E60F52CDD881}.Release|x86.Build.0 = Release|Any CPU
		{AB4FC7FC-9371-4D5F-8C78-E60F52CDD881}.Release|x86.Deploy.0 = Release|Any CPU
		{5A409EE0-F1C5-4DFF-A5FF-EF09AC9770F7}.Ad-Hoc|Any CPU.ActiveCfg = Ad-Hoc|iPhone
		{5A409EE0-F1C5-4DFF-A5FF-EF09AC9770F7}.Ad-Hoc|ARM.ActiveCfg = Ad-Hoc|iPhone
		{5A409EE0-F1C5-4DFF-A5FF-EF09AC9770F7}.Ad-Hoc|iPhone.ActiveCfg = Ad-Hoc|iPhone
		{5A409EE0-F1C5-4DFF-A5FF-EF09AC9770F7}.Ad-Hoc|iPhone.Build.0 = Ad-Hoc|iPhone
		{5A409EE0-F1C5-4DFF-A5FF-EF09AC9770F7}.Ad-Hoc|iPhoneSimulator.ActiveCfg = Ad-Hoc|iPhoneSimulator
		{5A409EE0-F1C5-4DFF-A5FF-EF09AC9770F7}.Ad-Hoc|iPhoneSimulator.Build.0 = Ad-Hoc|iPhoneSimulator
		{5A409EE0-F1C5-4DFF-A5FF-EF09AC9770F7}.Ad-Hoc|x64.ActiveCfg = Ad-Hoc|iPhone
		{5A409EE0-F1C5-4DFF-A5FF-EF09AC9770F7}.Ad-Hoc|x86.ActiveCfg = Ad-Hoc|iPhone
		{5A409EE0-F1C5-4DFF-A5FF-EF09AC9770F7}.AppStore|Any CPU.ActiveCfg = AppStore|iPhone
		{5A409EE0-F1C5-4DFF-A5FF-EF09AC9770F7}.AppStore|ARM.ActiveCfg = AppStore|iPhone
		{5A409EE0-F1C5-4DFF-A5FF-EF09AC9770F7}.AppStore|iPhone.ActiveCfg = AppStore|iPhone
		{5A409EE0-F1C5-4DFF-A5FF-EF09AC9770F7}.AppStore|iPhone.Build.0 = AppStore|iPhone
		{5A409EE0-F1C5-4DFF-A5FF-EF09AC9770F7}.AppStore|iPhoneSimulator.ActiveCfg = AppStore|iPhoneSimulator
		{5A409EE0-F1C5-4DFF-A5FF-EF09AC9770F7}.AppStore|iPhoneSimulator.Build.0 = AppStore|iPhoneSimulator
		{5A409EE0-F1C5-4DFF-A5FF-EF09AC9770F7}.AppStore|x64.ActiveCfg = AppStore|iPhone
		{5A409EE0-F1C5-4DFF-A5FF-EF09AC9770F7}.AppStore|x86.ActiveCfg = AppStore|iPhone
		{5A409EE0-F1C5-4DFF-A5FF-EF09AC9770F7}.Debug|Any CPU.ActiveCfg = Debug|iPhone
		{5A409EE0-F1C5-4DFF-A5FF-EF09AC9770F7}.Debug|ARM.ActiveCfg = Debug|iPhone
		{5A409EE0-F1C5-4DFF-A5FF-EF09AC9770F7}.Debug|iPhone.ActiveCfg = Debug|iPhone
		{5A409EE0-F1C5-4DFF-A5FF-EF09AC9770F7}.Debug|iPhone.Build.0 = Debug|iPhone
		{5A409EE0-F1C5-4DFF-A5FF-EF09AC9770F7}.Debug|iPhoneSimulator.ActiveCfg = Debug|iPhoneSimulator
		{5A409EE0-F1C5-4DFF-A5FF-EF09AC9770F7}.Debug|iPhoneSimulator.Build.0 = Debug|iPhoneSimulator
		{5A409EE0-F1C5-4DFF-A5FF-EF09AC9770F7}.Debug|x64.ActiveCfg = Debug|iPhone
		{5A409EE0-F1C5-4DFF-A5FF-EF09AC9770F7}.Debug|x86.ActiveCfg = Debug|iPhone
		{5A409EE0-F1C5-4DFF-A5FF-EF09AC9770F7}.Release|Any CPU.ActiveCfg = Release|iPhone
		{5A409EE0-F1C5-4DFF-A5FF-EF09AC9770F7}.Release|ARM.ActiveCfg = Release|iPhone
		{5A409EE0-F1C5-4DFF-A5FF-EF09AC9770F7}.Release|iPhone.ActiveCfg = Release|iPhone
		{5A409EE0-F1C5-4DFF-A5FF-EF09AC9770F7}.Release|iPhone.Build.0 = Release|iPhone
		{5A409EE0-F1C5-4DFF-A5FF-EF09AC9770F7}.Release|iPhoneSimulator.ActiveCfg = Release|iPhoneSimulator
		{5A409EE0-F1C5-4DFF-A5FF-EF09AC9770F7}.Release|iPhoneSimulator.Build.0 = Release|iPhoneSimulator
		{5A409EE0-F1C5-4DFF-A5FF-EF09AC9770F7}.Release|x64.ActiveCfg = Release|iPhone
		{5A409EE0-F1C5-4DFF-A5FF-EF09AC9770F7}.Release|x86.ActiveCfg = Release|iPhone
		{32C148C8-DA99-4978-8206-238FDDFEB45B}.Ad-Hoc|Any CPU.ActiveCfg = Release|x86
		{32C148C8-DA99-4978-8206-238FDDFEB45B}.Ad-Hoc|Any CPU.Build.0 = Release|x86
		{32C148C8-DA99-4978-8206-238FDDFEB45B}.Ad-Hoc|Any CPU.Deploy.0 = Release|x86
		{32C148C8-DA99-4978-8206-238FDDFEB45B}.Ad-Hoc|ARM.ActiveCfg = Release|ARM
		{32C148C8-DA99-4978-8206-238FDDFEB45B}.Ad-Hoc|ARM.Build.0 = Release|ARM
		{32C148C8-DA99-4978-8206-238FDDFEB45B}.Ad-Hoc|ARM.Deploy.0 = Release|ARM
		{32C148C8-DA99-4978-8206-238FDDFEB45B}.Ad-Hoc|iPhone.ActiveCfg = Release|x86
		{32C148C8-DA99-4978-8206-238FDDFEB45B}.Ad-Hoc|iPhone.Build.0 = Release|x86
		{32C148C8-DA99-4978-8206-238FDDFEB45B}.Ad-Hoc|iPhone.Deploy.0 = Release|x86
		{32C148C8-DA99-4978-8206-238FDDFEB45B}.Ad-Hoc|iPhoneSimulator.ActiveCfg = Release|x86
		{32C148C8-DA99-4978-8206-238FDDFEB45B}.Ad-Hoc|iPhoneSimulator.Build.0 = Release|x86
		{32C148C8-DA99-4978-8206-238FDDFEB45B}.Ad-Hoc|iPhoneSimulator.Deploy.0 = Release|x86
		{32C148C8-DA99-4978-8206-238FDDFEB45B}.Ad-Hoc|x64.ActiveCfg = Release|x64
		{32C148C8-DA99-4978-8206-238FDDFEB45B}.Ad-Hoc|x64.Build.0 = Release|x64
		{32C148C8-DA99-4978-8206-238FDDFEB45B}.Ad-Hoc|x64.Deploy.0 = Release|x64
		{32C148C8-DA99-4978-8206-238FDDFEB45B}.Ad-Hoc|x86.ActiveCfg = Release|x86
		{32C148C8-DA99-4978-8206-238FDDFEB45B}.Ad-Hoc|x86.Build.0 = Release|x86
		{32C148C8-DA99-4978-8206-238FDDFEB45B}.Ad-Hoc|x86.Deploy.0 = Release|x86
		{32C148C8-DA99-4978-8206-238FDDFEB45B}.AppStore|Any CPU.ActiveCfg = Release|x86
		{32C148C8-DA99-4978-8206-238FDDFEB45B}.AppStore|Any CPU.Build.0 = Release|x86
		{32C148C8-DA99-4978-8206-238FDDFEB45B}.AppStore|Any CPU.Deploy.0 = Release|x86
		{32C148C8-DA99-4978-8206-238FDDFEB45B}.AppStore|ARM.ActiveCfg = Release|ARM
		{32C148C8-DA99-4978-8206-238FDDFEB45B}.AppStore|ARM.Build.0 = Release|ARM
		{32C148C8-DA99-4978-8206-238FDDFEB45B}.AppStore|ARM.Deploy.0 = Release|ARM
		{32C148C8-DA99-4978-8206-238FDDFEB45B}.AppStore|iPhone.ActiveCfg = Release|x86
		{32C148C8-DA99-4978-8206-238FDDFEB45B}.AppStore|iPhone.Build.0 = Release|x86
		{32C148C8-DA99-4978-8206-238FDDFEB45B}.AppStore|iPhone.Deploy.0 = Release|x86
		{32C148C8-DA99-4978-8206-238FDDFEB45B}.AppStore|iPhoneSimulator.ActiveCfg = Release|x86
		{32C148C8-DA99-4978-8206-238FDDFEB45B}.AppStore|iPhoneSimulator.Build.0 = Release|x86
		{32C148C8-DA99-4978-8206-238FDDFEB45B}.AppStore|iPhoneSimulator.Deploy.0 = Release|x86
		{32C148C8-DA99-4978-8206-238FDDFEB45B}.AppStore|x64.ActiveCfg = Release|x64
		{32C148C8-DA99-4978-8206-238FDDFEB45B}.AppStore|x64.Build.0 = Release|x64
		{32C148C8-DA99-4978-8206-238FDDFEB45B}.AppStore|x64.Deploy.0 = Release|x64
		{32C148C8-DA99-4978-8206-238FDDFEB45B}.AppStore|x86.ActiveCfg = Release|x86
		{32C148C8-DA99-4978-8206-238FDDFEB45B}.AppStore|x86.Build.0 = Release|x86
		{32C148C8-DA99-4978-8206-238FDDFEB45B}.AppStore|x86.Deploy.0 = Release|x86
		{32C148C8-DA99-4978-8206-238FDDFEB45B}.Debug|Any CPU.ActiveCfg = Debug|x86
		{32C148C8-DA99-4978-8206-238FDDFEB45B}.Debug|Any CPU.Build.0 = Debug|x86
		{32C148C8-DA99-4978-8206-238FDDFEB45B}.Debug|Any CPU.Deploy.0 = Debug|x86
		{32C148C8-DA99-4978-8206-238FDDFEB45B}.Debug|ARM.ActiveCfg = Debug|ARM
		{32C148C8-DA99-4978-8206-238FDDFEB45B}.Debug|ARM.Build.0 = Debug|ARM
		{32C148C8-DA99-4978-8206-238FDDFEB45B}.Debug|ARM.Deploy.0 = Debug|ARM
		{32C148C8-DA99-4978-8206-238FDDFEB45B}.Debug|iPhone.ActiveCfg = Debug|x86
		{32C148C8-DA99-4978-8206-238FDDFEB45B}.Debug|iPhoneSimulator.ActiveCfg = Debug|x86
		{32C148C8-DA99-4978-8206-238FDDFEB45B}.Debug|x64.ActiveCfg = Debug|x64
		{32C148C8-DA99-4978-8206-238FDDFEB45B}.Debug|x64.Build.0 = Debug|x64
		{32C148C8-DA99-4978-8206-238FDDFEB45B}.Debug|x64.Deploy.0 = Debug|x64
		{32C148C8-DA99-4978-8206-238FDDFEB45B}.Debug|x86.ActiveCfg = Debug|x86
		{32C148C8-DA99-4978-8206-238FDDFEB45B}.Debug|x86.Build.0 = Debug|x86
		{32C148C8-DA99-4978-8206-238FDDFEB45B}.Debug|x86.Deploy.0 = Debug|x86
		{32C148C8-DA99-4978-8206-238FDDFEB45B}.Release|Any CPU.ActiveCfg = Release|x86
		{32C148C8-DA99-4978-8206-238FDDFEB45B}.Release|ARM.ActiveCfg = Release|ARM
		{32C148C8-DA99-4978-8206-238FDDFEB45B}.Release|ARM.Build.0 = Release|ARM
		{32C148C8-DA99-4978-8206-238FDDFEB45B}.Release|ARM.Deploy.0 = Release|ARM
		{32C148C8-DA99-4978-8206-238FDDFEB45B}.Release|iPhone.ActiveCfg = Release|x86
		{32C148C8-DA99-4978-8206-238FDDFEB45B}.Release|iPhoneSimulator.ActiveCfg = Release|x86
		{32C148C8-DA99-4978-8206-238FDDFEB45B}.Release|x64.ActiveCfg = Release|x64
		{32C148C8-DA99-4978-8206-238FDDFEB45B}.Release|x64.Build.0 = Release|x64
		{32C148C8-DA99-4978-8206-238FDDFEB45B}.Release|x64.Deploy.0 = Release|x64
		{32C148C8-DA99-4978-8206-238FDDFEB45B}.Release|x86.ActiveCfg = Release|x86
		{32C148C8-DA99-4978-8206-238FDDFEB45B}.Release|x86.Build.0 = Release|x86
		{32C148C8-DA99-4978-8206-238FDDFEB45B}.Release|x86.Deploy.0 = Release|x86
		{D98FF79B-3E9E-45F5-A9CF-5561165D8A1E}.Ad-Hoc|Any CPU.ActiveCfg = Release|Any CPU
		{D98FF79B-3E9E-45F5-A9CF-5561165D8A1E}.Ad-Hoc|Any CPU.Build.0 = Release|Any CPU
		{D98FF79B-3E9E-45F5-A9CF-5561165D8A1E}.Ad-Hoc|ARM.ActiveCfg = Release|Any CPU
		{D98FF79B-3E9E-45F5-A9CF-5561165D8A1E}.Ad-Hoc|ARM.Build.0 = Release|Any CPU
		{D98FF79B-3E9E-45F5-A9CF-5561165D8A1E}.Ad-Hoc|iPhone.ActiveCfg = Release|Any CPU
		{D98FF79B-3E9E-45F5-A9CF-5561165D8A1E}.Ad-Hoc|iPhone.Build.0 = Release|Any CPU
		{D98FF79B-3E9E-45F5-A9CF-5561165D8A1E}.Ad-Hoc|iPhoneSimulator.ActiveCfg = Release|Any CPU
		{D98FF79B-3E9E-45F5-A9CF-5561165D8A1E}.Ad-Hoc|iPhoneSimulator.Build.0 = Release|Any CPU
		{D98FF79B-3E9E-45F5-A9CF-5561165D8A1E}.Ad-Hoc|x64.ActiveCfg = Release|Any CPU
		{D98FF79B-3E9E-45F5-A9CF-5561165D8A1E}.Ad-Hoc|x64.Build.0 = Release|Any CPU
		{D98FF79B-3E9E-45F5-A9CF-5561165D8A1E}.Ad-Hoc|x86.ActiveCfg = Release|Any CPU
		{D98FF79B-3E9E-45F5-A9CF-5561165D8A1E}.Ad-Hoc|x86.Build.0 = Release|Any CPU
		{D98FF79B-3E9E-45F5-A9CF-5561165D8A1E}.AppStore|Any CPU.ActiveCfg = Release|Any CPU
		{D98FF79B-3E9E-45F5-A9CF-5561165D8A1E}.AppStore|Any CPU.Build.0 = Release|Any CPU
		{D98FF79B-3E9E-45F5-A9CF-5561165D8A1E}.AppStore|ARM.ActiveCfg = Release|Any CPU
		{D98FF79B-3E9E-45F5-A9CF-5561165D8A1E}.AppStore|ARM.Build.0 = Release|Any CPU
		{D98FF79B-3E9E-45F5-A9CF-5561165D8A1E}.AppStore|iPhone.ActiveCfg = Release|Any CPU
		{D98FF79B-3E9E-45F5-A9CF-5561165D8A1E}.AppStore|iPhone.Build.0 = Release|Any CPU
		{D98FF79B-3E9E-45F5-A9CF-5561165D8A1E}.AppStore|iPhoneSimulator.ActiveCfg = Release|Any CPU
		{D98FF79B-3E9E-45F5-A9CF-5561165D8A1E}.AppStore|iPhoneSimulator.Build.0 = Release|Any CPU
		{D98FF79B-3E9E-45F5-A9CF-5561165D8A1E}.AppStore|x64.ActiveCfg = Release|Any CPU
		{D98FF79B-3E9E-45F5-A9CF-5561165D8A1E}.AppStore|x64.Build.0 = Release|Any CPU
		{D98FF79B-3E9E-45F5-A9CF-5561165D8A1E}.AppStore|x86.ActiveCfg = Release|Any CPU
		{D98FF79B-3E9E-45F5-A9CF-5561165D8A1E}.AppStore|x86.Build.0 = Release|Any CPU
		{D98FF79B-3E9E-45F5-A9CF-5561165D8A1E}.Debug|Any CPU.ActiveCfg = Debug|Any CPU
		{D98FF79B-3E9E-45F5-A9CF-5561165D8A1E}.Debug|Any CPU.Build.0 = Debug|Any CPU
		{D98FF79B-3E9E-45F5-A9CF-5561165D8A1E}.Debug|ARM.ActiveCfg = Debug|Any CPU
		{D98FF79B-3E9E-45F5-A9CF-5561165D8A1E}.Debug|ARM.Build.0 = Debug|Any CPU
		{D98FF79B-3E9E-45F5-A9CF-5561165D8A1E}.Debug|iPhone.ActiveCfg = Debug|Any CPU
		{D98FF79B-3E9E-45F5-A9CF-5561165D8A1E}.Debug|iPhone.Build.0 = Debug|Any CPU
		{D98FF79B-3E9E-45F5-A9CF-5561165D8A1E}.Debug|iPhoneSimulator.ActiveCfg = Debug|Any CPU
		{D98FF79B-3E9E-45F5-A9CF-5561165D8A1E}.Debug|iPhoneSimulator.Build.0 = Debug|Any CPU
		{D98FF79B-3E9E-45F5-A9CF-5561165D8A1E}.Debug|x64.ActiveCfg = Debug|Any CPU
		{D98FF79B-3E9E-45F5-A9CF-5561165D8A1E}.Debug|x64.Build.0 = Debug|Any CPU
		{D98FF79B-3E9E-45F5-A9CF-5561165D8A1E}.Debug|x86.ActiveCfg = Debug|Any CPU
		{D98FF79B-3E9E-45F5-A9CF-5561165D8A1E}.Debug|x86.Build.0 = Debug|Any CPU
		{D98FF79B-3E9E-45F5-A9CF-5561165D8A1E}.Release|Any CPU.ActiveCfg = Release|Any CPU
		{D98FF79B-3E9E-45F5-A9CF-5561165D8A1E}.Release|Any CPU.Build.0 = Release|Any CPU
		{D98FF79B-3E9E-45F5-A9CF-5561165D8A1E}.Release|ARM.ActiveCfg = Release|Any CPU
		{D98FF79B-3E9E-45F5-A9CF-5561165D8A1E}.Release|ARM.Build.0 = Release|Any CPU
		{D98FF79B-3E9E-45F5-A9CF-5561165D8A1E}.Release|iPhone.ActiveCfg = Release|Any CPU
		{D98FF79B-3E9E-45F5-A9CF-5561165D8A1E}.Release|iPhone.Build.0 = Release|Any CPU
		{D98FF79B-3E9E-45F5-A9CF-5561165D8A1E}.Release|iPhoneSimulator.ActiveCfg = Release|Any CPU
		{D98FF79B-3E9E-45F5-A9CF-5561165D8A1E}.Release|iPhoneSimulator.Build.0 = Release|Any CPU
		{D98FF79B-3E9E-45F5-A9CF-5561165D8A1E}.Release|x64.ActiveCfg = Release|Any CPU
		{D98FF79B-3E9E-45F5-A9CF-5561165D8A1E}.Release|x64.Build.0 = Release|Any CPU
		{D98FF79B-3E9E-45F5-A9CF-5561165D8A1E}.Release|x86.ActiveCfg = Release|Any CPU
		{D98FF79B-3E9E-45F5-A9CF-5561165D8A1E}.Release|x86.Build.0 = Release|Any CPU
		{67F9D3A8-F71E-4428-913F-C37AE82CDB24}.Ad-Hoc|Any CPU.ActiveCfg = Release|Any CPU
		{67F9D3A8-F71E-4428-913F-C37AE82CDB24}.Ad-Hoc|Any CPU.Build.0 = Release|Any CPU
		{67F9D3A8-F71E-4428-913F-C37AE82CDB24}.Ad-Hoc|ARM.ActiveCfg = Release|Any CPU
		{67F9D3A8-F71E-4428-913F-C37AE82CDB24}.Ad-Hoc|ARM.Build.0 = Release|Any CPU
		{67F9D3A8-F71E-4428-913F-C37AE82CDB24}.Ad-Hoc|iPhone.ActiveCfg = Release|Any CPU
		{67F9D3A8-F71E-4428-913F-C37AE82CDB24}.Ad-Hoc|iPhone.Build.0 = Release|Any CPU
		{67F9D3A8-F71E-4428-913F-C37AE82CDB24}.Ad-Hoc|iPhoneSimulator.ActiveCfg = Release|Any CPU
		{67F9D3A8-F71E-4428-913F-C37AE82CDB24}.Ad-Hoc|iPhoneSimulator.Build.0 = Release|Any CPU
		{67F9D3A8-F71E-4428-913F-C37AE82CDB24}.Ad-Hoc|x64.ActiveCfg = Release|Any CPU
		{67F9D3A8-F71E-4428-913F-C37AE82CDB24}.Ad-Hoc|x64.Build.0 = Release|Any CPU
		{67F9D3A8-F71E-4428-913F-C37AE82CDB24}.Ad-Hoc|x86.ActiveCfg = Release|Any CPU
		{67F9D3A8-F71E-4428-913F-C37AE82CDB24}.Ad-Hoc|x86.Build.0 = Release|Any CPU
		{67F9D3A8-F71E-4428-913F-C37AE82CDB24}.AppStore|Any CPU.ActiveCfg = Release|Any CPU
		{67F9D3A8-F71E-4428-913F-C37AE82CDB24}.AppStore|Any CPU.Build.0 = Release|Any CPU
		{67F9D3A8-F71E-4428-913F-C37AE82CDB24}.AppStore|ARM.ActiveCfg = Release|Any CPU
		{67F9D3A8-F71E-4428-913F-C37AE82CDB24}.AppStore|ARM.Build.0 = Release|Any CPU
		{67F9D3A8-F71E-4428-913F-C37AE82CDB24}.AppStore|iPhone.ActiveCfg = Release|Any CPU
		{67F9D3A8-F71E-4428-913F-C37AE82CDB24}.AppStore|iPhone.Build.0 = Release|Any CPU
		{67F9D3A8-F71E-4428-913F-C37AE82CDB24}.AppStore|iPhoneSimulator.ActiveCfg = Release|Any CPU
		{67F9D3A8-F71E-4428-913F-C37AE82CDB24}.AppStore|iPhoneSimulator.Build.0 = Release|Any CPU
		{67F9D3A8-F71E-4428-913F-C37AE82CDB24}.AppStore|x64.ActiveCfg = Release|Any CPU
		{67F9D3A8-F71E-4428-913F-C37AE82CDB24}.AppStore|x64.Build.0 = Release|Any CPU
		{67F9D3A8-F71E-4428-913F-C37AE82CDB24}.AppStore|x86.ActiveCfg = Release|Any CPU
		{67F9D3A8-F71E-4428-913F-C37AE82CDB24}.AppStore|x86.Build.0 = Release|Any CPU
		{67F9D3A8-F71E-4428-913F-C37AE82CDB24}.Debug|Any CPU.ActiveCfg = Debug|Any CPU
		{67F9D3A8-F71E-4428-913F-C37AE82CDB24}.Debug|Any CPU.Build.0 = Debug|Any CPU
		{67F9D3A8-F71E-4428-913F-C37AE82CDB24}.Debug|ARM.ActiveCfg = Debug|Any CPU
		{67F9D3A8-F71E-4428-913F-C37AE82CDB24}.Debug|ARM.Build.0 = Debug|Any CPU
		{67F9D3A8-F71E-4428-913F-C37AE82CDB24}.Debug|iPhone.ActiveCfg = Debug|Any CPU
		{67F9D3A8-F71E-4428-913F-C37AE82CDB24}.Debug|iPhone.Build.0 = Debug|Any CPU
		{67F9D3A8-F71E-4428-913F-C37AE82CDB24}.Debug|iPhoneSimulator.ActiveCfg = Debug|Any CPU
		{67F9D3A8-F71E-4428-913F-C37AE82CDB24}.Debug|iPhoneSimulator.Build.0 = Debug|Any CPU
		{67F9D3A8-F71E-4428-913F-C37AE82CDB24}.Debug|x64.ActiveCfg = Debug|Any CPU
		{67F9D3A8-F71E-4428-913F-C37AE82CDB24}.Debug|x64.Build.0 = Debug|Any CPU
		{67F9D3A8-F71E-4428-913F-C37AE82CDB24}.Debug|x86.ActiveCfg = Debug|Any CPU
		{67F9D3A8-F71E-4428-913F-C37AE82CDB24}.Debug|x86.Build.0 = Debug|Any CPU
		{67F9D3A8-F71E-4428-913F-C37AE82CDB24}.Release|Any CPU.ActiveCfg = Release|Any CPU
		{67F9D3A8-F71E-4428-913F-C37AE82CDB24}.Release|Any CPU.Build.0 = Release|Any CPU
		{67F9D3A8-F71E-4428-913F-C37AE82CDB24}.Release|ARM.ActiveCfg = Release|Any CPU
		{67F9D3A8-F71E-4428-913F-C37AE82CDB24}.Release|ARM.Build.0 = Release|Any CPU
		{67F9D3A8-F71E-4428-913F-C37AE82CDB24}.Release|iPhone.ActiveCfg = Release|Any CPU
		{67F9D3A8-F71E-4428-913F-C37AE82CDB24}.Release|iPhone.Build.0 = Release|Any CPU
		{67F9D3A8-F71E-4428-913F-C37AE82CDB24}.Release|iPhoneSimulator.ActiveCfg = Release|Any CPU
		{67F9D3A8-F71E-4428-913F-C37AE82CDB24}.Release|iPhoneSimulator.Build.0 = Release|Any CPU
		{67F9D3A8-F71E-4428-913F-C37AE82CDB24}.Release|x64.ActiveCfg = Release|Any CPU
		{67F9D3A8-F71E-4428-913F-C37AE82CDB24}.Release|x64.Build.0 = Release|Any CPU
		{67F9D3A8-F71E-4428-913F-C37AE82CDB24}.Release|x86.ActiveCfg = Release|Any CPU
		{67F9D3A8-F71E-4428-913F-C37AE82CDB24}.Release|x86.Build.0 = Release|Any CPU
		{1C2ED5A4-1BCB-44D9-879B-8E5E90C75452}.Ad-Hoc|Any CPU.ActiveCfg = Release|Any CPU
		{1C2ED5A4-1BCB-44D9-879B-8E5E90C75452}.Ad-Hoc|Any CPU.Build.0 = Release|Any CPU
		{1C2ED5A4-1BCB-44D9-879B-8E5E90C75452}.Ad-Hoc|ARM.ActiveCfg = Release|Any CPU
		{1C2ED5A4-1BCB-44D9-879B-8E5E90C75452}.Ad-Hoc|ARM.Build.0 = Release|Any CPU
		{1C2ED5A4-1BCB-44D9-879B-8E5E90C75452}.Ad-Hoc|iPhone.ActiveCfg = Release|Any CPU
		{1C2ED5A4-1BCB-44D9-879B-8E5E90C75452}.Ad-Hoc|iPhone.Build.0 = Release|Any CPU
		{1C2ED5A4-1BCB-44D9-879B-8E5E90C75452}.Ad-Hoc|iPhoneSimulator.ActiveCfg = Release|Any CPU
		{1C2ED5A4-1BCB-44D9-879B-8E5E90C75452}.Ad-Hoc|iPhoneSimulator.Build.0 = Release|Any CPU
		{1C2ED5A4-1BCB-44D9-879B-8E5E90C75452}.Ad-Hoc|x64.ActiveCfg = Release|Any CPU
		{1C2ED5A4-1BCB-44D9-879B-8E5E90C75452}.Ad-Hoc|x64.Build.0 = Release|Any CPU
		{1C2ED5A4-1BCB-44D9-879B-8E5E90C75452}.Ad-Hoc|x86.ActiveCfg = Release|Any CPU
		{1C2ED5A4-1BCB-44D9-879B-8E5E90C75452}.Ad-Hoc|x86.Build.0 = Release|Any CPU
		{1C2ED5A4-1BCB-44D9-879B-8E5E90C75452}.AppStore|Any CPU.ActiveCfg = Release|Any CPU
		{1C2ED5A4-1BCB-44D9-879B-8E5E90C75452}.AppStore|Any CPU.Build.0 = Release|Any CPU
		{1C2ED5A4-1BCB-44D9-879B-8E5E90C75452}.AppStore|ARM.ActiveCfg = Release|Any CPU
		{1C2ED5A4-1BCB-44D9-879B-8E5E90C75452}.AppStore|ARM.Build.0 = Release|Any CPU
		{1C2ED5A4-1BCB-44D9-879B-8E5E90C75452}.AppStore|iPhone.ActiveCfg = Release|Any CPU
		{1C2ED5A4-1BCB-44D9-879B-8E5E90C75452}.AppStore|iPhone.Build.0 = Release|Any CPU
		{1C2ED5A4-1BCB-44D9-879B-8E5E90C75452}.AppStore|iPhoneSimulator.ActiveCfg = Release|Any CPU
		{1C2ED5A4-1BCB-44D9-879B-8E5E90C75452}.AppStore|iPhoneSimulator.Build.0 = Release|Any CPU
		{1C2ED5A4-1BCB-44D9-879B-8E5E90C75452}.AppStore|x64.ActiveCfg = Release|Any CPU
		{1C2ED5A4-1BCB-44D9-879B-8E5E90C75452}.AppStore|x64.Build.0 = Release|Any CPU
		{1C2ED5A4-1BCB-44D9-879B-8E5E90C75452}.AppStore|x86.ActiveCfg = Release|Any CPU
		{1C2ED5A4-1BCB-44D9-879B-8E5E90C75452}.AppStore|x86.Build.0 = Release|Any CPU
		{1C2ED5A4-1BCB-44D9-879B-8E5E90C75452}.Debug|Any CPU.ActiveCfg = Debug|Any CPU
		{1C2ED5A4-1BCB-44D9-879B-8E5E90C75452}.Debug|Any CPU.Build.0 = Debug|Any CPU
		{1C2ED5A4-1BCB-44D9-879B-8E5E90C75452}.Debug|ARM.ActiveCfg = Debug|Any CPU
		{1C2ED5A4-1BCB-44D9-879B-8E5E90C75452}.Debug|ARM.Build.0 = Debug|Any CPU
		{1C2ED5A4-1BCB-44D9-879B-8E5E90C75452}.Debug|iPhone.ActiveCfg = Debug|Any CPU
		{1C2ED5A4-1BCB-44D9-879B-8E5E90C75452}.Debug|iPhone.Build.0 = Debug|Any CPU
		{1C2ED5A4-1BCB-44D9-879B-8E5E90C75452}.Debug|iPhoneSimulator.ActiveCfg = Debug|Any CPU
		{1C2ED5A4-1BCB-44D9-879B-8E5E90C75452}.Debug|iPhoneSimulator.Build.0 = Debug|Any CPU
		{1C2ED5A4-1BCB-44D9-879B-8E5E90C75452}.Debug|x64.ActiveCfg = Debug|Any CPU
		{1C2ED5A4-1BCB-44D9-879B-8E5E90C75452}.Debug|x64.Build.0 = Debug|Any CPU
		{1C2ED5A4-1BCB-44D9-879B-8E5E90C75452}.Debug|x86.ActiveCfg = Debug|Any CPU
		{1C2ED5A4-1BCB-44D9-879B-8E5E90C75452}.Debug|x86.Build.0 = Debug|Any CPU
		{1C2ED5A4-1BCB-44D9-879B-8E5E90C75452}.Release|Any CPU.ActiveCfg = Release|Any CPU
		{1C2ED5A4-1BCB-44D9-879B-8E5E90C75452}.Release|Any CPU.Build.0 = Release|Any CPU
		{1C2ED5A4-1BCB-44D9-879B-8E5E90C75452}.Release|ARM.ActiveCfg = Release|Any CPU
		{1C2ED5A4-1BCB-44D9-879B-8E5E90C75452}.Release|ARM.Build.0 = Release|Any CPU
		{1C2ED5A4-1BCB-44D9-879B-8E5E90C75452}.Release|iPhone.ActiveCfg = Release|Any CPU
		{1C2ED5A4-1BCB-44D9-879B-8E5E90C75452}.Release|iPhone.Build.0 = Release|Any CPU
		{1C2ED5A4-1BCB-44D9-879B-8E5E90C75452}.Release|iPhoneSimulator.ActiveCfg = Release|Any CPU
		{1C2ED5A4-1BCB-44D9-879B-8E5E90C75452}.Release|iPhoneSimulator.Build.0 = Release|Any CPU
		{1C2ED5A4-1BCB-44D9-879B-8E5E90C75452}.Release|x64.ActiveCfg = Release|Any CPU
		{1C2ED5A4-1BCB-44D9-879B-8E5E90C75452}.Release|x64.Build.0 = Release|Any CPU
		{1C2ED5A4-1BCB-44D9-879B-8E5E90C75452}.Release|x86.ActiveCfg = Release|Any CPU
		{1C2ED5A4-1BCB-44D9-879B-8E5E90C75452}.Release|x86.Build.0 = Release|Any CPU
	EndGlobalSection
	GlobalSection(SolutionProperties) = preSolution
		HideSolutionNode = FALSE
	EndGlobalSection
	GlobalSection(TeamFoundationVersionControl) = preSolution
		SccNumberOfProjects = 7
		SccEnterpriseProvider = {4CA58AB2-18FA-4F8D-95D4-32DDF27D184C}
		SccTeamFoundationServer = https://fravezzimattia.visualstudio.com/
		SccLocalPath0 = .
		SccProjectUniqueName1 = NewsApp.Data\\NewsApp.Data.csproj
		SccProjectName1 = NewsApp.Data
		SccLocalPath1 = NewsApp.Data
		SccProjectUniqueName2 = NewsApp.Model\\NewsApp.Model.csproj
		SccProjectName2 = NewsApp.Model
		SccLocalPath2 = NewsApp.Model
		SccProjectUniqueName3 = NewsApp\\NewsApp.Droid\\NewsApp.Droid.csproj
		SccProjectName3 = NewsApp/NewsApp.Droid
		SccLocalPath3 = NewsApp\\NewsApp.Droid
		SccProjectUniqueName4 = NewsApp\\NewsApp.iOS\\NewsApp.iOS.csproj
		SccProjectName4 = NewsApp/NewsApp.iOS
		SccLocalPath4 = NewsApp\\NewsApp.iOS
		SccProjectUniqueName5 = NewsApp\\NewsApp.UWP\\NewsApp.UWP.csproj
		SccProjectName5 = NewsApp/NewsApp.UWP
		SccLocalPath5 = NewsApp\\NewsApp.UWP
		SccProjectUniqueName6 = NewsApp\\NewsApp\\NewsApp.csproj
		SccProjectName6 = NewsApp/NewsApp
		SccLocalPath6 = NewsApp\\NewsApp
	EndGlobalSection
EndGlobal
